
Microsoft Visual Studio Solution File, Format Version 12.00
# Visual Studio 15
VisualStudioVersion = 15.0.26430.6
MinimumVisualStudioVersion = 10.0.40219.1
Project("{FAE04EC0-301F-11D3-BF4B-00C04F79EFBC}") = "semana4", "semana4\semana4.csproj", "{D5FA3F52-745E-4F6E-8266-54535F3FA6F5}"
EndProject
Project("{FAE04EC0-301F-11D3-BF4B-00C04F79EFBC}") = "PrograAvanzada.BL.AplicacionWeb", "PrograAvanzada.BL.AplicacionWeb\PrograAvanzada.BL.AplicacionWeb.csproj", "{DBEB2A53-76DA-4EC9-808E-50D7DAE39495}"
EndProject
Project("{FAE04EC0-301F-11D3-BF4B-00C04F79EFBC}") = "PrograAv.BLAplicacionWeb", "PrograAv.BLAplicacionWeb\PrograAv.BLAplicacionWeb.csproj", "{BA3DDF66-AC46-4551-B40A-641E1FC09AB0}"
EndProject
Project("{FAE04EC0-301F-11D3-BF4B-00C04F79EFBC}") = "Semana 5", "Semana 5\Semana 5.csproj", "{397193FE-6B17-4464-8529-53597A1F565A}"
EndProject
Global
	GlobalSection(SolutionConfigurationPlatforms) = preSolution
		Debug|Any CPU = Debug|Any CPU
		Release|Any CPU = Release|Any CPU
	EndGlobalSection
	GlobalSection(ProjectConfigurationPlatforms) = postSolution
		{D5FA3F52-745E-4F6E-8266-54535F3FA6F5}.Debug|Any CPU.ActiveCfg = Debug|Any CPU
		{D5FA3F52-745E-4F6E-8266-54535F3FA6F5}.Debug|Any CPU.Build.0 = Debug|Any CPU
		{D5FA3F52-745E-4F6E-8266-54535F3FA6F5}.Release|Any CPU.ActiveCfg = Release|Any CPU
		{D5FA3F52-745E-4F6E-8266-54535F3FA6F5}.Release|Any CPU.Build.0 = Release|Any CPU
		{DBEB2A53-76DA-4EC9-808E-50D7DAE39495}.Debug|Any CPU.ActiveCfg = Debug|Any CPU
		{DBEB2A53-76DA-4EC9-808E-50D7DAE39495}.Debug|Any CPU.Build.0 = Debug|Any CPU
		{DBEB2A53-76DA-4EC9-808E-50D7DAE39495}.Release|Any CPU.ActiveCfg = Release|Any CPU
		{DBEB2A53-76DA-4EC9-808E-50D7DAE39495}.Release|Any CPU.Build.0 = Release|Any CPU
		{BA3DDF66-AC46-4551-B40A-641E1FC09AB0}.Debug|Any CPU.ActiveCfg = Debug|Any CPU
		{BA3DDF66-AC46-4551-B40A-641E1FC09AB0}.Debug|Any CPU.Build.0 = Debug|Any CPU
		{BA3DDF66-AC46-4551-B40A-641E1FC09AB0}.Release|Any CPU.ActiveCfg = Release|Any CPU
		{BA3DDF66-AC46-4551-B40A-641E1FC09AB0}.Release|Any CPU.Build.0 = Release|Any CPU
		{397193FE-6B17-4464-8529-53597A1F565A}.Debug|Any CPU.ActiveCfg = Debug|Any CPU
		{397193FE-6B17-4464-8529-53597A1F565A}.Debug|Any CPU.Build.0 = Debug|Any CPU
		{397193FE-6B17-4464-8529-53597A1F565A}.Release|Any CPU.ActiveCfg = Release|Any CPU
		{397193FE-6B17-4464-8529-53597A1F565A}.Release|Any CPU.Build.0 = Release|Any CPU
	EndGlobalSection
	GlobalSection(SolutionProperties) = preSolution
		HideSolutionNode = FALSE
	EndGlobalSection
EndGlobal
